// !$*UTF8*$!
{
	archiveVersion = 1;
	classes = {
	};
	objectVersion = 46;
	objects = {

/* Begin PBXBuildFile section */
		26B449961D1D5EA40060FD0B /* CareKit.framework in Frameworks */ = {isa = PBXBuildFile; fileRef = 26B449931D1D5D5A0060FD0B /* CareKit.framework */; };
		26B449971D1D5EA40060FD0B /* CareKit.framework in Embed Frameworks */ = {isa = PBXBuildFile; fileRef = 26B449931D1D5D5A0060FD0B /* CareKit.framework */; settings = {ATTRIBUTES = (CodeSignOnCopy, RemoveHeadersOnCopy, ); }; };
		CD08FDEF1D1D3F13002D50E5 /* AppDelegate.swift in Sources */ = {isa = PBXBuildFile; fileRef = CD08FDEE1D1D3F13002D50E5 /* AppDelegate.swift */; };
		CD08FDF11D1D3F13002D50E5 /* ViewController.swift in Sources */ = {isa = PBXBuildFile; fileRef = CD08FDF01D1D3F13002D50E5 /* ViewController.swift */; };
		CD08FDF41D1D3F13002D50E5 /* Main.storyboard in Resources */ = {isa = PBXBuildFile; fileRef = CD08FDF21D1D3F13002D50E5 /* Main.storyboard */; };
		CD08FDF61D1D3F13002D50E5 /* Assets.xcassets in Resources */ = {isa = PBXBuildFile; fileRef = CD08FDF51D1D3F13002D50E5 /* Assets.xcassets */; };
		CD08FDF91D1D3F13002D50E5 /* LaunchScreen.storyboard in Resources */ = {isa = PBXBuildFile; fileRef = CD08FDF71D1D3F13002D50E5 /* LaunchScreen.storyboard */; };
		CD08FE041D1D3F13002D50E5 /* ActivityPlannerTests.swift in Sources */ = {isa = PBXBuildFile; fileRef = CD08FE031D1D3F13002D50E5 /* ActivityPlannerTests.swift */; };
		CD08FE191D1D938F002D50E5 /* TimeOfDay.swift in Sources */ = {isa = PBXBuildFile; fileRef = CD08FE181D1D938F002D50E5 /* TimeOfDay.swift */; };
		CD08FE1B1D1D9432002D50E5 /* ActivityTime.swift in Sources */ = {isa = PBXBuildFile; fileRef = CD08FE1A1D1D9432002D50E5 /* ActivityTime.swift */; };
		CD08FE231D1DC1A7002D50E5 /* WeeklyActivity.swift in Sources */ = {isa = PBXBuildFile; fileRef = CD08FE221D1DC1A7002D50E5 /* WeeklyActivity.swift */; };
/* End PBXBuildFile section */

/* Begin PBXContainerItemProxy section */
		26B449921D1D5D5A0060FD0B /* PBXContainerItemProxy */ = {
			isa = PBXContainerItemProxy;
			containerPortal = 26B4498C1D1D5D5A0060FD0B /* CareKit.xcodeproj */;
			proxyType = 2;
			remoteGlobalIDString = 8605A5BA1C4F04EC00DD65FF;
			remoteInfo = CareKit;
		};
		26B449941D1D5D5A0060FD0B /* PBXContainerItemProxy */ = {
			isa = PBXContainerItemProxy;
			containerPortal = 26B4498C1D1D5D5A0060FD0B /* CareKit.xcodeproj */;
			proxyType = 2;
			remoteGlobalIDString = 8605A5C41C4F04EC00DD65FF;
			remoteInfo = CareKitTests;
		};
		26B449981D1D5EA40060FD0B /* PBXContainerItemProxy */ = {
			isa = PBXContainerItemProxy;
			containerPortal = 26B4498C1D1D5D5A0060FD0B /* CareKit.xcodeproj */;
			proxyType = 1;
			remoteGlobalIDString = 8605A5B91C4F04EC00DD65FF;
			remoteInfo = CareKit;
		};
		CD08FE001D1D3F13002D50E5 /* PBXContainerItemProxy */ = {
			isa = PBXContainerItemProxy;
			containerPortal = CD08FDE31D1D3F13002D50E5 /* Project object */;
			proxyType = 1;
			remoteGlobalIDString = CD08FDEA1D1D3F13002D50E5;
			remoteInfo = ActivityPlanner;
		};
/* End PBXContainerItemProxy section */

/* Begin PBXCopyFilesBuildPhase section */
		26B4499A1D1D5EA40060FD0B /* Embed Frameworks */ = {
			isa = PBXCopyFilesBuildPhase;
			buildActionMask = 2147483647;
			dstPath = "";
			dstSubfolderSpec = 10;
			files = (
				26B449971D1D5EA40060FD0B /* CareKit.framework in Embed Frameworks */,
			);
			name = "Embed Frameworks";
			runOnlyForDeploymentPostprocessing = 0;
		};
/* End PBXCopyFilesBuildPhase section */

/* Begin PBXFileReference section */
		26B4498C1D1D5D5A0060FD0B /* CareKit.xcodeproj */ = {isa = PBXFileReference; lastKnownFileType = "wrapper.pb-project"; name = CareKit.xcodeproj; path = CareKit/CareKit.xcodeproj; sourceTree = "<group>"; };
		CD08FDEB1D1D3F13002D50E5 /* ActivityPlanner.app */ = {isa = PBXFileReference; explicitFileType = wrapper.application; includeInIndex = 0; path = ActivityPlanner.app; sourceTree = BUILT_PRODUCTS_DIR; };
		CD08FDEE1D1D3F13002D50E5 /* AppDelegate.swift */ = {isa = PBXFileReference; lastKnownFileType = sourcecode.swift; path = AppDelegate.swift; sourceTree = "<group>"; };
		CD08FDF01D1D3F13002D50E5 /* ViewController.swift */ = {isa = PBXFileReference; lastKnownFileType = sourcecode.swift; path = ViewController.swift; sourceTree = "<group>"; };
		CD08FDF31D1D3F13002D50E5 /* Base */ = {isa = PBXFileReference; lastKnownFileType = file.storyboard; name = Base; path = Base.lproj/Main.storyboard; sourceTree = "<group>"; };
		CD08FDF51D1D3F13002D50E5 /* Assets.xcassets */ = {isa = PBXFileReference; lastKnownFileType = folder.assetcatalog; path = Assets.xcassets; sourceTree = "<group>"; };
		CD08FDF81D1D3F13002D50E5 /* Base */ = {isa = PBXFileReference; lastKnownFileType = file.storyboard; name = Base; path = Base.lproj/LaunchScreen.storyboard; sourceTree = "<group>"; };
		CD08FDFA1D1D3F13002D50E5 /* Info.plist */ = {isa = PBXFileReference; lastKnownFileType = text.plist.xml; path = Info.plist; sourceTree = "<group>"; };
		CD08FDFF1D1D3F13002D50E5 /* ActivityPlannerTests.xctest */ = {isa = PBXFileReference; explicitFileType = wrapper.cfbundle; includeInIndex = 0; path = ActivityPlannerTests.xctest; sourceTree = BUILT_PRODUCTS_DIR; };
		CD08FE031D1D3F13002D50E5 /* ActivityPlannerTests.swift */ = {isa = PBXFileReference; lastKnownFileType = sourcecode.swift; path = ActivityPlannerTests.swift; sourceTree = "<group>"; };
		CD08FE051D1D3F13002D50E5 /* Info.plist */ = {isa = PBXFileReference; lastKnownFileType = text.plist.xml; path = Info.plist; sourceTree = "<group>"; };
		CD08FE181D1D938F002D50E5 /* TimeOfDay.swift */ = {isa = PBXFileReference; fileEncoding = 4; lastKnownFileType = sourcecode.swift; path = TimeOfDay.swift; sourceTree = "<group>"; };
		CD08FE1A1D1D9432002D50E5 /* ActivityTime.swift */ = {isa = PBXFileReference; fileEncoding = 4; lastKnownFileType = sourcecode.swift; path = ActivityTime.swift; sourceTree = "<group>"; };
		CD08FE221D1DC1A7002D50E5 /* WeeklyActivity.swift */ = {isa = PBXFileReference; fileEncoding = 4; lastKnownFileType = sourcecode.swift; path = WeeklyActivity.swift; sourceTree = "<group>"; };
/* End PBXFileReference section */

/* Begin PBXFrameworksBuildPhase section */
		CD08FDE81D1D3F13002D50E5 /* Frameworks */ = {
			isa = PBXFrameworksBuildPhase;
			buildActionMask = 2147483647;
			files = (
				26B449961D1D5EA40060FD0B /* CareKit.framework in Frameworks */,
			);
			runOnlyForDeploymentPostprocessing = 0;
		};
		CD08FDFC1D1D3F13002D50E5 /* Frameworks */ = {
			isa = PBXFrameworksBuildPhase;
			buildActionMask = 2147483647;
			files = (
			);
			runOnlyForDeploymentPostprocessing = 0;
		};
/* End PBXFrameworksBuildPhase section */

/* Begin PBXGroup section */
		26B4498D1D1D5D5A0060FD0B /* Products */ = {
			isa = PBXGroup;
			children = (
				26B449931D1D5D5A0060FD0B /* CareKit.framework */,
				26B449951D1D5D5A0060FD0B /* CareKitTests.xctest */,
			);
			name = Products;
			sourceTree = "<group>";
		};
		CD08FDE21D1D3F13002D50E5 = {
			isa = PBXGroup;
			children = (
				26B4498C1D1D5D5A0060FD0B /* CareKit.xcodeproj */,
				CD08FDED1D1D3F13002D50E5 /* ActivityPlanner */,
				CD08FE021D1D3F13002D50E5 /* ActivityPlannerTests */,
				CD08FDEC1D1D3F13002D50E5 /* Products */,
			);
			sourceTree = "<group>";
		};
		CD08FDEC1D1D3F13002D50E5 /* Products */ = {
			isa = PBXGroup;
			children = (
				CD08FDEB1D1D3F13002D50E5 /* ActivityPlanner.app */,
				CD08FDFF1D1D3F13002D50E5 /* ActivityPlannerTests.xctest */,
			);
			name = Products;
			sourceTree = "<group>";
		};
		CD08FDED1D1D3F13002D50E5 /* ActivityPlanner */ = {
			isa = PBXGroup;
			children = (
				CD08FE1A1D1D9432002D50E5 /* ActivityTime.swift */,
				CD08FE131D1D935E002D50E5 /* Library */,
				CD08FDEE1D1D3F13002D50E5 /* AppDelegate.swift */,
				CD08FDF01D1D3F13002D50E5 /* ViewController.swift */,
				CD08FDF21D1D3F13002D50E5 /* Main.storyboard */,
				CD08FDF51D1D3F13002D50E5 /* Assets.xcassets */,
				CD08FDF71D1D3F13002D50E5 /* LaunchScreen.storyboard */,
				CD08FDFA1D1D3F13002D50E5 /* Info.plist */,
			);
			path = ActivityPlanner;
			sourceTree = "<group>";
		};
		CD08FE021D1D3F13002D50E5 /* ActivityPlannerTests */ = {
			isa = PBXGroup;
			children = (
				CD08FE031D1D3F13002D50E5 /* ActivityPlannerTests.swift */,
				CD08FE051D1D3F13002D50E5 /* Info.plist */,
			);
			path = ActivityPlannerTests;
			sourceTree = "<group>";
		};
		CD08FE131D1D935E002D50E5 /* Library */ = {
			isa = PBXGroup;
			children = (
				CD08FE221D1DC1A7002D50E5 /* WeeklyActivity.swift */,
				CD08FE261D1DDD40002D50E5 /* Helpers */,
			);
			name = Library;
			sourceTree = "<group>";
		};
		CD08FE261D1DDD40002D50E5 /* Helpers */ = {
			isa = PBXGroup;
			children = (
				CD08FE181D1D938F002D50E5 /* TimeOfDay.swift */,
			);
			name = Helpers;
			sourceTree = "<group>";
		};
/* End PBXGroup section */

/* Begin PBXNativeTarget section */
		CD08FDEA1D1D3F13002D50E5 /* ActivityPlanner */ = {
			isa = PBXNativeTarget;
			buildConfigurationList = CD08FE081D1D3F13002D50E5 /* Build configuration list for PBXNativeTarget "ActivityPlanner" */;
			buildPhases = (
				CD08FDE71D1D3F13002D50E5 /* Sources */,
				CD08FDE81D1D3F13002D50E5 /* Frameworks */,
				CD08FDE91D1D3F13002D50E5 /* Resources */,
				26B4499A1D1D5EA40060FD0B /* Embed Frameworks */,
			);
			buildRules = (
			);
			dependencies = (
				26B449991D1D5EA40060FD0B /* PBXTargetDependency */,
			);
			name = ActivityPlanner;
			productName = ActivityPlanner;
			productReference = CD08FDEB1D1D3F13002D50E5 /* ActivityPlanner.app */;
			productType = "com.apple.product-type.application";
		};
		CD08FDFE1D1D3F13002D50E5 /* ActivityPlannerTests */ = {
			isa = PBXNativeTarget;
			buildConfigurationList = CD08FE0B1D1D3F13002D50E5 /* Build configuration list for PBXNativeTarget "ActivityPlannerTests" */;
			buildPhases = (
				CD08FDFB1D1D3F13002D50E5 /* Sources */,
				CD08FDFC1D1D3F13002D50E5 /* Frameworks */,
				CD08FDFD1D1D3F13002D50E5 /* Resources */,
			);
			buildRules = (
			);
			dependencies = (
				CD08FE011D1D3F13002D50E5 /* PBXTargetDependency */,
			);
			name = ActivityPlannerTests;
			productName = ActivityPlannerTests;
			productReference = CD08FDFF1D1D3F13002D50E5 /* ActivityPlannerTests.xctest */;
			productType = "com.apple.product-type.bundle.unit-test";
		};
/* End PBXNativeTarget section */

/* Begin PBXProject section */
		CD08FDE31D1D3F13002D50E5 /* Project object */ = {
			isa = PBXProject;
			attributes = {
				LastSwiftUpdateCheck = 0730;
				LastUpgradeCheck = 0730;
				ORGANIZATIONNAME = "Saugat Gautam";
				TargetAttributes = {
					CD08FDEA1D1D3F13002D50E5 = {
						CreatedOnToolsVersion = 7.3.1;
					};
					CD08FDFE1D1D3F13002D50E5 = {
						CreatedOnToolsVersion = 7.3.1;
						TestTargetID = CD08FDEA1D1D3F13002D50E5;
					};
				};
			};
			buildConfigurationList = CD08FDE61D1D3F13002D50E5 /* Build configuration list for PBXProject "ActivityPlanner" */;
			compatibilityVersion = "Xcode 3.2";
			developmentRegion = English;
			hasScannedForEncodings = 0;
			knownRegions = (
				en,
				Base,
			);
			mainGroup = CD08FDE21D1D3F13002D50E5;
			productRefGroup = CD08FDEC1D1D3F13002D50E5 /* Products */;
			projectDirPath = "";
			projectReferences = (
				{
					ProductGroup = 26B4498D1D1D5D5A0060FD0B /* Products */;
					ProjectRef = 26B4498C1D1D5D5A0060FD0B /* CareKit.xcodeproj */;
				},
			);
			projectRoot = "";
			targets = (
				CD08FDEA1D1D3F13002D50E5 /* ActivityPlanner */,
				CD08FDFE1D1D3F13002D50E5 /* ActivityPlannerTests */,
			);
		};
/* End PBXProject section */

/* Begin PBXReferenceProxy section */
		26B449931D1D5D5A0060FD0B /* CareKit.framework */ = {
			isa = PBXReferenceProxy;
			fileType = wrapper.framework;
			path = CareKit.framework;
			remoteRef = 26B449921D1D5D5A0060FD0B /* PBXContainerItemProxy */;
			sourceTree = BUILT_PRODUCTS_DIR;
		};
		26B449951D1D5D5A0060FD0B /* CareKitTests.xctest */ = {
			isa = PBXReferenceProxy;
			fileType = wrapper.cfbundle;
			path = CareKitTests.xctest;
			remoteRef = 26B449941D1D5D5A0060FD0B /* PBXContainerItemProxy */;
			sourceTree = BUILT_PRODUCTS_DIR;
		};
/* End PBXReferenceProxy section */

/* Begin PBXResourcesBuildPhase section */
		CD08FDE91D1D3F13002D50E5 /* Resources */ = {
			isa = PBXResourcesBuildPhase;
			buildActionMask = 2147483647;
			files = (
				CD08FDF91D1D3F13002D50E5 /* LaunchScreen.storyboard in Resources */,
				CD08FDF61D1D3F13002D50E5 /* Assets.xcassets in Resources */,
				CD08FDF41D1D3F13002D50E5 /* Main.storyboard in Resources */,
			);
			runOnlyForDeploymentPostprocessing = 0;
		};
		CD08FDFD1D1D3F13002D50E5 /* Resources */ = {
			isa = PBXResourcesBuildPhase;
			buildActionMask = 2147483647;
			files = (
			);
			runOnlyForDeploymentPostprocessing = 0;
		};
/* End PBXResourcesBuildPhase section */

/* Begin PBXSourcesBuildPhase section */
		CD08FDE71D1D3F13002D50E5 /* Sources */ = {
			isa = PBXSourcesBuildPhase;
			buildActionMask = 2147483647;
			files = (
				CD08FE191D1D938F002D50E5 /* TimeOfDay.swift in Sources */,
				CD08FE231D1DC1A7002D50E5 /* WeeklyActivity.swift in Sources */,
				CD08FE1B1D1D9432002D50E5 /* ActivityTime.swift in Sources */,
				CD08FDF11D1D3F13002D50E5 /* ViewController.swift in Sources */,
				CD08FDEF1D1D3F13002D50E5 /* AppDelegate.swift in Sources */,
			);
			runOnlyForDeploymentPostprocessing = 0;
		};
		CD08FDFB1D1D3F13002D50E5 /* Sources */ = {
			isa = PBXSourcesBuildPhase;
			buildActionMask = 2147483647;
			files = (
				CD08FE041D1D3F13002D50E5 /* ActivityPlannerTests.swift in Sources */,
			);
			runOnlyForDeploymentPostprocessing = 0;
		};
/* End PBXSourcesBuildPhase section */

/* Begin PBXTargetDependency section */
		26B449991D1D5EA40060FD0B /* PBXTargetDependency */ = {
			isa = PBXTargetDependency;
			name = CareKit;
			targetProxy = 26B449981D1D5EA40060FD0B /* PBXContainerItemProxy */;
		};
		CD08FE011D1D3F13002D50E5 /* PBXTargetDependency */ = {
			isa = PBXTargetDependency;
			target = CD08FDEA1D1D3F13002D50E5 /* ActivityPlanner */;
			targetProxy = CD08FE001D1D3F13002D50E5 /* PBXContainerItemProxy */;
		};
/* End PBXTargetDependency section */

/* Begin PBXVariantGroup section */
		CD08FDF21D1D3F13002D50E5 /* Main.storyboard */ = {
			isa = PBXVariantGroup;
			children = (
				CD08FDF31D1D3F13002D50E5 /* Base */,
			);
			name = Main.storyboard;
			sourceTree = "<group>";
		};
		CD08FDF71D1D3F13002D50E5 /* LaunchScreen.storyboard */ = {
			isa = PBXVariantGroup;
			children = (
				CD08FDF81D1D3F13002D50E5 /* Base */,
			);
			name = LaunchScreen.storyboard;
			sourceTree = "<group>";
		};
/* End PBXVariantGroup section */

/* Begin XCBuildConfiguration section */
		CD08FE061D1D3F13002D50E5 /* Debug */ = {
			isa = XCBuildConfiguration;
			buildSettings = {
				ALWAYS_SEARCH_USER_PATHS = NO;
				CLANG_ANALYZER_NONNULL = YES;
				CLANG_CXX_LANGUAGE_STANDARD = "gnu++0x";
				CLANG_CXX_LIBRARY = "libc++";
				CLANG_ENABLE_MODULES = YES;
				CLANG_ENABLE_OBJC_ARC = YES;
				CLANG_WARN_BOOL_CONVERSION = YES;
				CLANG_WARN_CONSTANT_CONVERSION = YES;
				CLANG_WARN_DIRECT_OBJC_ISA_USAGE = YES_ERROR;
				CLANG_WARN_EMPTY_BODY = YES;
				CLANG_WARN_ENUM_CONVERSION = YES;
				CLANG_WARN_INT_CONVERSION = YES;
				CLANG_WARN_OBJC_ROOT_CLASS = YES_ERROR;
				CLANG_WARN_UNREACHABLE_CODE = YES;
				CLANG_WARN__DUPLICATE_METHOD_MATCH = YES;
				"CODE_SIGN_IDENTITY[sdk=iphoneos*]" = "iPhone Developer";
				COPY_PHASE_STRIP = NO;
				DEBUG_INFORMATION_FORMAT = dwarf;
				ENABLE_STRICT_OBJC_MSGSEND = YES;
				ENABLE_TESTABILITY = YES;
				GCC_C_LANGUAGE_STANDARD = gnu99;
				GCC_DYNAMIC_NO_PIC = NO;
				GCC_NO_COMMON_BLOCKS = YES;
				GCC_OPTIMIZATION_LEVEL = 0;
				GCC_PREPROCESSOR_DEFINITIONS = (
					"DEBUG=1",
					"$(inherited)",
				);
				GCC_WARN_64_TO_32_BIT_CONVERSION = YES;
				GCC_WARN_ABOUT_RETURN_TYPE = YES_ERROR;
				GCC_WARN_UNDECLARED_SELECTOR = YES;
				GCC_WARN_UNINITIALIZED_AUTOS = YES_AGGRESSIVE;
				GCC_WARN_UNUSED_FUNCTION = YES;
				GCC_WARN_UNUSED_VARIABLE = YES;
				IPHONEOS_DEPLOYMENT_TARGET = 9.3;
				MTL_ENABLE_DEBUG_INFO = YES;
				ONLY_ACTIVE_ARCH = YES;
				SDKROOT = iphoneos;
				SWIFT_OPTIMIZATION_LEVEL = "-Onone";
				TARGETED_DEVICE_FAMILY = "1,2";
			};
			name = Debug;
		};
		CD08FE071D1D3F13002D50E5 /* Release */ = {
			isa = XCBuildConfiguration;
			buildSettings = {
				ALWAYS_SEARCH_USER_PATHS = NO;
				CLANG_ANALYZER_NONNULL = YES;
				CLANG_CXX_LANGUAGE_STANDARD = "gnu++0x";
				CLANG_CXX_LIBRARY = "libc++";
				CLANG_ENABLE_MODULES = YES;
				CLANG_ENABLE_OBJC_ARC = YES;
				CLANG_WARN_BOOL_CONVERSION = YES;
				CLANG_WARN_CONSTANT_CONVERSION = YES;
				CLANG_WARN_DIRECT_OBJC_ISA_USAGE = YES_ERROR;
				CLANG_WARN_EMPTY_BODY = YES;
				CLANG_WARN_ENUM_CONVERSION = YES;
				CLANG_WARN_INT_CONVERSION = YES;
				CLANG_WARN_OBJC_ROOT_CLASS = YES_ERROR;
				CLANG_WARN_UNREACHABLE_CODE = YES;
				CLANG_WARN__DUPLICATE_METHOD_MATCH = YES;
				"CODE_SIGN_IDENTITY[sdk=iphoneos*]" = "iPhone Developer";
				COPY_PHASE_STRIP = NO;
				DEBUG_INFORMATION_FORMAT = "dwarf-with-dsym";
				ENABLE_NS_ASSERTIONS = NO;
				ENABLE_STRICT_OBJC_MSGSEND = YES;
				GCC_C_LANGUAGE_STANDARD = gnu99;
				GCC_NO_COMMON_BLOCKS = YES;
				GCC_WARN_64_TO_32_BIT_CONVERSION = YES;
				GCC_WARN_ABOUT_RETURN_TYPE = YES_ERROR;
				GCC_WARN_UNDECLARED_SELECTOR = YES;
				GCC_WARN_UNINITIALIZED_AUTOS = YES_AGGRESSIVE;
				GCC_WARN_UNUSED_FUNCTION = YES;
				GCC_WARN_UNUSED_VARIABLE = YES;
				IPHONEOS_DEPLOYMENT_TARGET = 9.3;
				MTL_ENABLE_DEBUG_INFO = NO;
				SDKROOT = iphoneos;
				TARGETED_DEVICE_FAMILY = "1,2";
				VALIDATE_PRODUCT = YES;
			};
			name = Release;
		};
		CD08FE091D1D3F13002D50E5 /* Debug */ = {
			isa = XCBuildConfiguration;
			buildSettings = {
				ASSETCATALOG_COMPILER_APPICON_NAME = AppIcon;
				INFOPLIST_FILE = ActivityPlanner/Info.plist;
				LD_RUNPATH_SEARCH_PATHS = "$(inherited) @executable_path/Frameworks";
				ONLY_ACTIVE_ARCH = NO;
				PRODUCT_BUNDLE_IDENTIFIER = com.saugat135.ActivityPlanner;
				PRODUCT_NAME = "$(TARGET_NAME)";
			};
			name = Debug;
		};
		CD08FE0A1D1D3F13002D50E5 /* Release */ = {
			isa = XCBuildConfiguration;
			buildSettings = {
				ASSETCATALOG_COMPILER_APPICON_NAME = AppIcon;
				INFOPLIST_FILE = ActivityPlanner/Info.plist;
				LD_RUNPATH_SEARCH_PATHS = "$(inherited) @executable_path/Frameworks";
				PRODUCT_BUNDLE_IDENTIFIER = com.saugat135.ActivityPlanner;
				PRODUCT_NAME = "$(TARGET_NAME)";
			};
			name = Release;
		};
		CD08FE0C1D1D3F13002D50E5 /* Debug */ = {
			isa = XCBuildConfiguration;
			buildSettings = {
				BUNDLE_LOADER = "$(TEST_HOST)";
				INFOPLIST_FILE = ActivityPlannerTests/Info.plist;
				LD_RUNPATH_SEARCH_PATHS = "$(inherited) @executable_path/Frameworks @loader_path/Frameworks";
				PRODUCT_BUNDLE_IDENTIFIER = com.saugat135.ActivityPlannerTests;
				PRODUCT_NAME = "$(TARGET_NAME)";
				TEST_HOST = "$(BUILT_PRODUCTS_DIR)/ActivityPlanner.app/ActivityPlanner";
			};
			name = Debug;
		};
		CD08FE0D1D1D3F13002D50E5 /* Release */ = {
			isa = XCBuildConfiguration;
			buildSettings = {
				BUNDLE_LOADER = "$(TEST_HOST)";
				INFOPLIST_FILE = ActivityPlannerTests/Info.plist;
				LD_RUNPATH_SEARCH_PATHS = "$(inherited) @executable_path/Frameworks @loader_path/Frameworks";
				PRODUCT_BUNDLE_IDENTIFIER = com.saugat135.ActivityPlannerTests;
				PRODUCT_NAME = "$(TARGET_NAME)";
				TEST_HOST = "$(BUILT_PRODUCTS_DIR)/ActivityPlanner.app/ActivityPlanner";
			};
			name = Release;
		};
/* End XCBuildConfiguration section */

/* Begin XCConfigurationList section */
		CD08FDE61D1D3F13002D50E5 /* Build configuration list for PBXProject "ActivityPlanner" */ = {
			isa = XCConfigurationList;
			buildConfigurations = (
				CD08FE061D1D3F13002D50E5 /* Debug */,
				CD08FE071D1D3F13002D50E5 /* Release */,
			);
			defaultConfigurationIsVisible = 0;
			defaultConfigurationName = Release;
		};
		CD08FE081D1D3F13002D50E5 /* Build configuration list for PBXNativeTarget "ActivityPlanner" */ = {
			isa = XCConfigurationList;
			buildConfigurations = (
				CD08FE091D1D3F13002D50E5 /* Debug */,
				CD08FE0A1D1D3F13002D50E5 /* Release */,
			);
			defaultConfigurationIsVisible = 0;
			defaultConfigurationName = Release;
		};
		CD08FE0B1D1D3F13002D50E5 /* Build configuration list for PBXNativeTarget "ActivityPlannerTests" */ = {
			isa = XCConfigurationList;
			buildConfigurations = (
				CD08FE0C1D1D3F13002D50E5 /* Debug */,
				CD08FE0D1D1D3F13002D50E5 /* Release */,
			);
			defaultConfigurationIsVisible = 0;
			defaultConfigurationName = Release;
		};
/* End XCConfigurationList section */
	};
	rootObject = CD08FDE31D1D3F13002D50E5 /* Project object */;
}
